
Microsoft Visual Studio Solution File, Format Version 12.00
# Visual Studio Version 16
VisualStudioVersion = 16.0.30413.136
MinimumVisualStudioVersion = 10.0.40219.1
Project("{FAE04EC0-301F-11D3-BF4B-00C04F79EFBC}") = "Week5Arrays", "Week5Arrays\Week5Arrays.csproj", "{5AEE1849-7BA3-43A4-990A-4EE8DA4F5D87}"
EndProject
Global
	GlobalSection(SolutionConfigurationPlatforms) = preSolution
		Debug|Any CPU = Debug|Any CPU
		Release|Any CPU = Release|Any CPU
	EndGlobalSection
	GlobalSection(ProjectConfigurationPlatforms) = postSolution
		{5AEE1849-7BA3-43A4-990A-4EE8DA4F5D87}.Debug|Any CPU.ActiveCfg = Debug|Any CPU
		{5AEE1849-7BA3-43A4-990A-4EE8DA4F5D87}.Debug|Any CPU.Build.0 = Debug|Any CPU
		{5AEE1849-7BA3-43A4-990A-4EE8DA4F5D87}.Release|Any CPU.ActiveCfg = Release|Any CPU
		{5AEE1849-7BA3-43A4-990A-4EE8DA4F5D87}.Release|Any CPU.Build.0 = Release|Any CPU
	EndGlobalSection
	GlobalSection(SolutionProperties) = preSolution
		HideSolutionNode = FALSE
	EndGlobalSection
	GlobalSection(ExtensibilityGlobals) = postSolution
		SolutionGuid = {4EF5D9AB-000D-47CC-9879-001B52EAA995}
	EndGlobalSection
EndGlobal
